Microsoft Visual Studio Solution File, Format Version 12.00
# Visual Studio Version 17
VisualStudioVersion = 17.5.2.0
MinimumVisualStudioVersion = 10.0.40219.1
Project("{FAE04EC0-301F-11D3-BF4B-00C04F79EFBC}") = "BuscaMinas", "BuscaMinas\BuscaMinas.csproj", "{8797CE04-9264-710F-9EE5-29282C73EC4D}"
EndProject
Global
	GlobalSection(SolutionConfigurationPlatforms) = preSolution
		Debug|Any CPU = Debug|Any CPU
		Release|Any CPU = Release|Any CPU
	EndGlobalSection
	GlobalSection(ProjectConfigurationPlatforms) = postSolution
		{8797CE04-9264-710F-9EE5-29282C73EC4D}.Debug|Any CPU.ActiveCfg = Debug|Any CPU
		{8797CE04-9264-710F-9EE5-29282C73EC4D}.Debug|Any CPU.Build.0 = Debug|Any CPU
		{8797CE04-9264-710F-9EE5-29282C73EC4D}.Release|Any CPU.ActiveCfg = Release|Any CPU
		{8797CE04-9264-710F-9EE5-29282C73EC4D}.Release|Any CPU.Build.0 = Release|Any CPU
	EndGlobalSection
	GlobalSection(SolutionProperties) = preSolution
		HideSolutionNode = FALSE
	EndGlobalSection
	GlobalSection(ExtensibilityGlobals) = postSolution
		SolutionGuid = {4C27B09D-0E12-4A26-AFF6-BCE0C731860C}
	EndGlobalSection
EndGlobal
